
Microsoft Visual Studio Solution File, Format Version 12.00
# Visual Studio Version 17
VisualStudioVersion = 17.14.36414.22
MinimumVisualStudioVersion = 10.0.40219.1
Project("{FAE04EC0-301F-11D3-BF4B-00C04F79EFBC}") = "ArticleService", "ArticleService\ArticleService.csproj", "{AC8A40EC-5FC1-3737-C2DB-E0493E457FDB}"
EndProject
Project("{FAE04EC0-301F-11D3-BF4B-00C04F79EFBC}") = "CommentService", "CommentService\CommentService.csproj", "{48BB49E0-9295-96C8-C288-B07288FEED6F}"
EndProject
Project("{FAE04EC0-301F-11D3-BF4B-00C04F79EFBC}") = "ProfanityService", "ProfanityService\ProfanityService.csproj", "{0BDB28E5-A9FA-33F8-6DCE-E2131539EF33}"
EndProject
Project("{2150E333-8FDC-42A3-9474-1A3956D46DE8}") = "Solution Items", "Solution Items", "{8EC462FD-D22E-90A8-E5CE-7E832BA40C5D}"
	ProjectSection(SolutionItems) = preProject
		observability\grafana\provisioning\dashboards\dashboards.yaml = observability\grafana\provisioning\dashboards\dashboards.yaml
		observability\grafana\dashboards\cache-hit-ratio.json = observability\grafana\dashboards\cache-hit-ratio.json
		observability\grafana\provisioning\datasources\datasource.yaml = observability\grafana\provisioning\datasources\datasource.yaml
		docker-compose.yml = docker-compose.yml
		observability\prometheus\prometheus.yml = observability\prometheus\prometheus.yml
	EndProjectSection
EndProject
Project("{FAE04EC0-301F-11D3-BF4B-00C04F79EFBC}") = "DraftService", "DraftService\DraftService.csproj", "{367A8F25-65BE-458E-87C3-0D7565B01146}"
EndProject
Project("{FAE04EC0-301F-11D3-BF4B-00C04F79EFBC}") = "Shared.Observability", "Shared.Observability\Shared.Observability.csproj", "{6D9B99D3-0A48-441C-951B-F86589C0E39B}"
EndProject
Project("{FAE04EC0-301F-11D3-BF4B-00C04F79EFBC}") = "Shared.Messaging", "Shared.Messaging\Shared.Messaging.csproj", "{66E76FE4-904B-4C28-9B00-89E32187277B}"
EndProject
Project("{FAE04EC0-301F-11D3-BF4B-00C04F79EFBC}") = "MqSmoke", "MqSmoke\MqSmoke.csproj", "{7B279DA8-BD0D-4DC7-A5A4-C1B006A74C93}"
EndProject
Project("{FAE04EC0-301F-11D3-BF4B-00C04F79EFBC}") = "PublisherService", "PublisherService\PublisherService.csproj", "{DB32C9DE-6A94-4D2E-B812-8D2D04EFF951}"
EndProject
Project("{FAE04EC0-301F-11D3-BF4B-00C04F79EFBC}") = "NewsletterService", "NewsletterService\NewsletterService.csproj", "{0E9D1522-FDB9-4649-83D6-F6A6C39755B3}"
EndProject
Global
	GlobalSection(SolutionConfigurationPlatforms) = preSolution
		Debug|Any CPU = Debug|Any CPU
		Debug|x64 = Debug|x64
		Debug|x86 = Debug|x86
		Release|Any CPU = Release|Any CPU
		Release|x64 = Release|x64
		Release|x86 = Release|x86
	EndGlobalSection
	GlobalSection(ProjectConfigurationPlatforms) = postSolution
		{AC8A40EC-5FC1-3737-C2DB-E0493E457FDB}.Debug|Any CPU.ActiveCfg = Debug|Any CPU
		{AC8A40EC-5FC1-3737-C2DB-E0493E457FDB}.Debug|Any CPU.Build.0 = Debug|Any CPU
		{AC8A40EC-5FC1-3737-C2DB-E0493E457FDB}.Debug|x64.ActiveCfg = Debug|Any CPU
		{AC8A40EC-5FC1-3737-C2DB-E0493E457FDB}.Debug|x64.Build.0 = Debug|Any CPU
		{AC8A40EC-5FC1-3737-C2DB-E0493E457FDB}.Debug|x86.ActiveCfg = Debug|Any CPU
		{AC8A40EC-5FC1-3737-C2DB-E0493E457FDB}.Debug|x86.Build.0 = Debug|Any CPU
		{AC8A40EC-5FC1-3737-C2DB-E0493E457FDB}.Release|Any CPU.ActiveCfg = Release|Any CPU
		{AC8A40EC-5FC1-3737-C2DB-E0493E457FDB}.Release|Any CPU.Build.0 = Release|Any CPU
		{AC8A40EC-5FC1-3737-C2DB-E0493E457FDB}.Release|x64.ActiveCfg = Release|Any CPU
		{AC8A40EC-5FC1-3737-C2DB-E0493E457FDB}.Release|x64.Build.0 = Release|Any CPU
		{AC8A40EC-5FC1-3737-C2DB-E0493E457FDB}.Release|x86.ActiveCfg = Release|Any CPU
		{AC8A40EC-5FC1-3737-C2DB-E0493E457FDB}.Release|x86.Build.0 = Release|Any CPU
		{48BB49E0-9295-96C8-C288-B07288FEED6F}.Debug|Any CPU.ActiveCfg = Debug|Any CPU
		{48BB49E0-9295-96C8-C288-B07288FEED6F}.Debug|Any CPU.Build.0 = Debug|Any CPU
		{48BB49E0-9295-96C8-C288-B07288FEED6F}.Debug|x64.ActiveCfg = Debug|Any CPU
		{48BB49E0-9295-96C8-C288-B07288FEED6F}.Debug|x64.Build.0 = Debug|Any CPU
		{48BB49E0-9295-96C8-C288-B07288FEED6F}.Debug|x86.ActiveCfg = Debug|Any CPU
		{48BB49E0-9295-96C8-C288-B07288FEED6F}.Debug|x86.Build.0 = Debug|Any CPU
		{48BB49E0-9295-96C8-C288-B07288FEED6F}.Release|Any CPU.ActiveCfg = Release|Any CPU
		{48BB49E0-9295-96C8-C288-B07288FEED6F}.Release|Any CPU.Build.0 = Release|Any CPU
		{48BB49E0-9295-96C8-C288-B07288FEED6F}.Release|x64.ActiveCfg = Release|Any CPU
		{48BB49E0-9295-96C8-C288-B07288FEED6F}.Release|x64.Build.0 = Release|Any CPU
		{48BB49E0-9295-96C8-C288-B07288FEED6F}.Release|x86.ActiveCfg = Release|Any CPU
		{48BB49E0-9295-96C8-C288-B07288FEED6F}.Release|x86.Build.0 = Release|Any CPU
		{0BDB28E5-A9FA-33F8-6DCE-E2131539EF33}.Debug|Any CPU.ActiveCfg = Debug|Any CPU
		{0BDB28E5-A9FA-33F8-6DCE-E2131539EF33}.Debug|Any CPU.Build.0 = Debug|Any CPU
		{0BDB28E5-A9FA-33F8-6DCE-E2131539EF33}.Debug|x64.ActiveCfg = Debug|Any CPU
		{0BDB28E5-A9FA-33F8-6DCE-E2131539EF33}.Debug|x64.Build.0 = Debug|Any CPU
		{0BDB28E5-A9FA-33F8-6DCE-E2131539EF33}.Debug|x86.ActiveCfg = Debug|Any CPU
		{0BDB28E5-A9FA-33F8-6DCE-E2131539EF33}.Debug|x86.Build.0 = Debug|Any CPU
		{0BDB28E5-A9FA-33F8-6DCE-E2131539EF33}.Release|Any CPU.ActiveCfg = Release|Any CPU
		{0BDB28E5-A9FA-33F8-6DCE-E2131539EF33}.Release|Any CPU.Build.0 = Release|Any CPU
		{0BDB28E5-A9FA-33F8-6DCE-E2131539EF33}.Release|x64.ActiveCfg = Release|Any CPU
		{0BDB28E5-A9FA-33F8-6DCE-E2131539EF33}.Release|x64.Build.0 = Release|Any CPU
		{0BDB28E5-A9FA-33F8-6DCE-E2131539EF33}.Release|x86.ActiveCfg = Release|Any CPU
		{0BDB28E5-A9FA-33F8-6DCE-E2131539EF33}.Release|x86.Build.0 = Release|Any CPU
		{367A8F25-65BE-458E-87C3-0D7565B01146}.Debug|Any CPU.ActiveCfg = Debug|Any CPU
		{367A8F25-65BE-458E-87C3-0D7565B01146}.Debug|Any CPU.Build.0 = Debug|Any CPU
		{367A8F25-65BE-458E-87C3-0D7565B01146}.Debug|x64.ActiveCfg = Debug|Any CPU
		{367A8F25-65BE-458E-87C3-0D7565B01146}.Debug|x64.Build.0 = Debug|Any CPU
		{367A8F25-65BE-458E-87C3-0D7565B01146}.Debug|x86.ActiveCfg = Debug|Any CPU
		{367A8F25-65BE-458E-87C3-0D7565B01146}.Debug|x86.Build.0 = Debug|Any CPU
		{367A8F25-65BE-458E-87C3-0D7565B01146}.Release|Any CPU.ActiveCfg = Release|Any CPU
		{367A8F25-65BE-458E-87C3-0D7565B01146}.Release|Any CPU.Build.0 = Release|Any CPU
		{367A8F25-65BE-458E-87C3-0D7565B01146}.Release|x64.ActiveCfg = Release|Any CPU
		{367A8F25-65BE-458E-87C3-0D7565B01146}.Release|x64.Build.0 = Release|Any CPU
		{367A8F25-65BE-458E-87C3-0D7565B01146}.Release|x86.ActiveCfg = Release|Any CPU
		{367A8F25-65BE-458E-87C3-0D7565B01146}.Release|x86.Build.0 = Release|Any CPU
		{6D9B99D3-0A48-441C-951B-F86589C0E39B}.Debug|Any CPU.ActiveCfg = Debug|Any CPU
		{6D9B99D3-0A48-441C-951B-F86589C0E39B}.Debug|Any CPU.Build.0 = Debug|Any CPU
		{6D9B99D3-0A48-441C-951B-F86589C0E39B}.Debug|x64.ActiveCfg = Debug|Any CPU
		{6D9B99D3-0A48-441C-951B-F86589C0E39B}.Debug|x64.Build.0 = Debug|Any CPU
		{6D9B99D3-0A48-441C-951B-F86589C0E39B}.Debug|x86.ActiveCfg = Debug|Any CPU
		{6D9B99D3-0A48-441C-951B-F86589C0E39B}.Debug|x86.Build.0 = Debug|Any CPU
		{6D9B99D3-0A48-441C-951B-F86589C0E39B}.Release|Any CPU.ActiveCfg = Release|Any CPU
		{6D9B99D3-0A48-441C-951B-F86589C0E39B}.Release|Any CPU.Build.0 = Release|Any CPU
		{6D9B99D3-0A48-441C-951B-F86589C0E39B}.Release|x64.ActiveCfg = Release|Any CPU
		{6D9B99D3-0A48-441C-951B-F86589C0E39B}.Release|x64.Build.0 = Release|Any CPU
		{6D9B99D3-0A48-441C-951B-F86589C0E39B}.Release|x86.ActiveCfg = Release|Any CPU
		{6D9B99D3-0A48-441C-951B-F86589C0E39B}.Release|x86.Build.0 = Release|Any CPU
		{66E76FE4-904B-4C28-9B00-89E32187277B}.Debug|Any CPU.ActiveCfg = Debug|Any CPU
		{66E76FE4-904B-4C28-9B00-89E32187277B}.Debug|Any CPU.Build.0 = Debug|Any CPU
		{66E76FE4-904B-4C28-9B00-89E32187277B}.Debug|x64.ActiveCfg = Debug|Any CPU
		{66E76FE4-904B-4C28-9B00-89E32187277B}.Debug|x64.Build.0 = Debug|Any CPU
		{66E76FE4-904B-4C28-9B00-89E32187277B}.Debug|x86.ActiveCfg = Debug|Any CPU
		{66E76FE4-904B-4C28-9B00-89E32187277B}.Debug|x86.Build.0 = Debug|Any CPU
		{66E76FE4-904B-4C28-9B00-89E32187277B}.Release|Any CPU.ActiveCfg = Release|Any CPU
		{66E76FE4-904B-4C28-9B00-89E32187277B}.Release|Any CPU.Build.0 = Release|Any CPU
		{66E76FE4-904B-4C28-9B00-89E32187277B}.Release|x64.ActiveCfg = Release|Any CPU
		{66E76FE4-904B-4C28-9B00-89E32187277B}.Release|x64.Build.0 = Release|Any CPU
		{66E76FE4-904B-4C28-9B00-89E32187277B}.Release|x86.ActiveCfg = Release|Any CPU
		{66E76FE4-904B-4C28-9B00-89E32187277B}.Release|x86.Build.0 = Release|Any CPU
		{7B279DA8-BD0D-4DC7-A5A4-C1B006A74C93}.Debug|Any CPU.ActiveCfg = Debug|Any CPU
		{7B279DA8-BD0D-4DC7-A5A4-C1B006A74C93}.Debug|Any CPU.Build.0 = Debug|Any CPU
		{7B279DA8-BD0D-4DC7-A5A4-C1B006A74C93}.Debug|x64.ActiveCfg = Debug|Any CPU
		{7B279DA8-BD0D-4DC7-A5A4-C1B006A74C93}.Debug|x64.Build.0 = Debug|Any CPU
		{7B279DA8-BD0D-4DC7-A5A4-C1B006A74C93}.Debug|x86.ActiveCfg = Debug|Any CPU
		{7B279DA8-BD0D-4DC7-A5A4-C1B006A74C93}.Debug|x86.Build.0 = Debug|Any CPU
		{7B279DA8-BD0D-4DC7-A5A4-C1B006A74C93}.Release|Any CPU.ActiveCfg = Release|Any CPU
		{7B279DA8-BD0D-4DC7-A5A4-C1B006A74C93}.Release|Any CPU.Build.0 = Release|Any CPU
		{7B279DA8-BD0D-4DC7-A5A4-C1B006A74C93}.Release|x64.ActiveCfg = Release|Any CPU
		{7B279DA8-BD0D-4DC7-A5A4-C1B006A74C93}.Release|x64.Build.0 = Release|Any CPU
		{7B279DA8-BD0D-4DC7-A5A4-C1B006A74C93}.Release|x86.ActiveCfg = Release|Any CPU
		{7B279DA8-BD0D-4DC7-A5A4-C1B006A74C93}.Release|x86.Build.0 = Release|Any CPU
		{DB32C9DE-6A94-4D2E-B812-8D2D04EFF951}.Debug|Any CPU.ActiveCfg = Debug|Any CPU
		{DB32C9DE-6A94-4D2E-B812-8D2D04EFF951}.Debug|Any CPU.Build.0 = Debug|Any CPU
		{DB32C9DE-6A94-4D2E-B812-8D2D04EFF951}.Debug|x64.ActiveCfg = Debug|Any CPU
		{DB32C9DE-6A94-4D2E-B812-8D2D04EFF951}.Debug|x64.Build.0 = Debug|Any CPU
		{DB32C9DE-6A94-4D2E-B812-8D2D04EFF951}.Debug|x86.ActiveCfg = Debug|Any CPU
		{DB32C9DE-6A94-4D2E-B812-8D2D04EFF951}.Debug|x86.Build.0 = Debug|Any CPU
		{DB32C9DE-6A94-4D2E-B812-8D2D04EFF951}.Release|Any CPU.ActiveCfg = Release|Any CPU
		{DB32C9DE-6A94-4D2E-B812-8D2D04EFF951}.Release|Any CPU.Build.0 = Release|Any CPU
		{DB32C9DE-6A94-4D2E-B812-8D2D04EFF951}.Release|x64.ActiveCfg = Release|Any CPU
		{DB32C9DE-6A94-4D2E-B812-8D2D04EFF951}.Release|x64.Build.0 = Release|Any CPU
		{DB32C9DE-6A94-4D2E-B812-8D2D04EFF951}.Release|x86.ActiveCfg = Release|Any CPU
		{DB32C9DE-6A94-4D2E-B812-8D2D04EFF951}.Release|x86.Build.0 = Release|Any CPU
		{0E9D1522-FDB9-4649-83D6-F6A6C39755B3}.Debug|Any CPU.ActiveCfg = Debug|Any CPU
		{0E9D1522-FDB9-4649-83D6-F6A6C39755B3}.Debug|Any CPU.Build.0 = Debug|Any CPU
		{0E9D1522-FDB9-4649-83D6-F6A6C39755B3}.Debug|x64.ActiveCfg = Debug|Any CPU
		{0E9D1522-FDB9-4649-83D6-F6A6C39755B3}.Debug|x64.Build.0 = Debug|Any CPU
		{0E9D1522-FDB9-4649-83D6-F6A6C39755B3}.Debug|x86.ActiveCfg = Debug|Any CPU
		{0E9D1522-FDB9-4649-83D6-F6A6C39755B3}.Debug|x86.Build.0 = Debug|Any CPU
		{0E9D1522-FDB9-4649-83D6-F6A6C39755B3}.Release|Any CPU.ActiveCfg = Release|Any CPU
		{0E9D1522-FDB9-4649-83D6-F6A6C39755B3}.Release|Any CPU.Build.0 = Release|Any CPU
		{0E9D1522-FDB9-4649-83D6-F6A6C39755B3}.Release|x64.ActiveCfg = Release|Any CPU
		{0E9D1522-FDB9-4649-83D6-F6A6C39755B3}.Release|x64.Build.0 = Release|Any CPU
		{0E9D1522-FDB9-4649-83D6-F6A6C39755B3}.Release|x86.ActiveCfg = Release|Any CPU
		{0E9D1522-FDB9-4649-83D6-F6A6C39755B3}.Release|x86.Build.0 = Release|Any CPU
	EndGlobalSection
	GlobalSection(SolutionProperties) = preSolution
		HideSolutionNode = FALSE
	EndGlobalSection
	GlobalSection(ExtensibilityGlobals) = postSolution
		SolutionGuid = {F5C127B8-48C4-4430-8888-BFB215617CED}
	EndGlobalSection
EndGlobal
